
Microsoft Visual Studio Solution File, Format Version 12.00
# Visual Studio Version 16
VisualStudioVersion = 16.0.29728.190
MinimumVisualStudioVersion = 10.0.40219.1
Project("{FAE04EC0-301F-11D3-BF4B-00C04F79EFBC}") = "WebApplication1", "WebApplication1\WebApplication1.csproj", "{FDB511F8-F081-484A-8639-B7E4A485E616}"
EndProject
Global
	GlobalSection(SolutionConfigurationPlatforms) = preSolution
		Debug|Any CPU = Debug|Any CPU
		Release|Any CPU = Release|Any CPU
	EndGlobalSection
	GlobalSection(ProjectConfigurationPlatforms) = postSolution
		{FDB511F8-F081-484A-8639-B7E4A485E616}.Debug|Any CPU.ActiveCfg = Debug|Any CPU
		{FDB511F8-F081-484A-8639-B7E4A485E616}.Debug|Any CPU.Build.0 = Debug|Any CPU
		{FDB511F8-F081-484A-8639-B7E4A485E616}.Release|Any CPU.ActiveCfg = Release|Any CPU
		{FDB511F8-F081-484A-8639-B7E4A485E616}.Release|Any CPU.Build.0 = Release|Any CPU
	EndGlobalSection
	GlobalSection(SolutionProperties) = preSolution
		HideSolutionNode = FALSE
	EndGlobalSection
	GlobalSection(ExtensibilityGlobals) = postSolution
		SolutionGuid = {CAFA06E8-F205-423E-9257-4DA58C31FBB0}
	EndGlobalSection
EndGlobal
